
Microsoft Visual Studio Solution File, Format Version 12.00
# Visual Studio Version 16
VisualStudioVersion = 16.0.29728.190
MinimumVisualStudioVersion = 10.0.40219.1
Project("{FAE04EC0-301F-11D3-BF4B-00C04F79EFBC}") = "SecondQuestion", "SecondQuestion\SecondQuestion.csproj", "{3A370F50-25A7-4BC8-AF26-220D641384EC}"
EndProject
Global
	GlobalSection(SolutionConfigurationPlatforms) = preSolution
		Debug|Any CPU = Debug|Any CPU
		Release|Any CPU = Release|Any CPU
	EndGlobalSection
	GlobalSection(ProjectConfigurationPlatforms) = postSolution
		{3A370F50-25A7-4BC8-AF26-220D641384EC}.Debug|Any CPU.ActiveCfg = Debug|Any CPU
		{3A370F50-25A7-4BC8-AF26-220D641384EC}.Debug|Any CPU.Build.0 = Debug|Any CPU
		{3A370F50-25A7-4BC8-AF26-220D641384EC}.Release|Any CPU.ActiveCfg = Release|Any CPU
		{3A370F50-25A7-4BC8-AF26-220D641384EC}.Release|Any CPU.Build.0 = Release|Any CPU
	EndGlobalSection
	GlobalSection(SolutionProperties) = preSolution
		HideSolutionNode = FALSE
	EndGlobalSection
	GlobalSection(ExtensibilityGlobals) = postSolution
		SolutionGuid = {220273E0-DB95-4725-9653-B40B8FC9D6EA}
	EndGlobalSection
EndGlobal
